
Microsoft Visual Studio Solution File, Format Version 12.00
# Visual Studio Version 16
VisualStudioVersion = 16.0.30804.86
MinimumVisualStudioVersion = 10.0.40219.1
Project("{FAE04EC0-301F-11D3-BF4B-00C04F79EFBC}") = "JsonPath", "src\JsonPath\JsonPath.csproj", "{C0A482E2-8753-420C-B97A-5957AEF41928}"
EndProject
Project("{FAE04EC0-301F-11D3-BF4B-00C04F79EFBC}") = "JsonPath.Tests", "tests\JsonPath.Tests\JsonPath.Tests.csproj", "{46123C09-4118-49EF-9DC4-BC2CC937FEBC}"
	ProjectSection(ProjectDependencies) = postProject
		{C0A482E2-8753-420C-B97A-5957AEF41928} = {C0A482E2-8753-420C-B97A-5957AEF41928}
	EndProjectSection
EndProject
Global
	GlobalSection(SolutionConfigurationPlatforms) = preSolution
		Debug|Any CPU = Debug|Any CPU
		Release|Any CPU = Release|Any CPU
	EndGlobalSection
	GlobalSection(ProjectConfigurationPlatforms) = postSolution
		{C0A482E2-8753-420C-B97A-5957AEF41928}.Debug|Any CPU.ActiveCfg = Debug|Any CPU
		{C0A482E2-8753-420C-B97A-5957AEF41928}.Debug|Any CPU.Build.0 = Debug|Any CPU
		{C0A482E2-8753-420C-B97A-5957AEF41928}.Release|Any CPU.ActiveCfg = Release|Any CPU
		{C0A482E2-8753-420C-B97A-5957AEF41928}.Release|Any CPU.Build.0 = Release|Any CPU
		{46123C09-4118-49EF-9DC4-BC2CC937FEBC}.Debug|Any CPU.ActiveCfg = Debug|Any CPU
		{46123C09-4118-49EF-9DC4-BC2CC937FEBC}.Debug|Any CPU.Build.0 = Debug|Any CPU
		{46123C09-4118-49EF-9DC4-BC2CC937FEBC}.Release|Any CPU.ActiveCfg = Release|Any CPU
		{46123C09-4118-49EF-9DC4-BC2CC937FEBC}.Release|Any CPU.Build.0 = Release|Any CPU
	EndGlobalSection
	GlobalSection(SolutionProperties) = preSolution
		HideSolutionNode = FALSE
	EndGlobalSection
	GlobalSection(ExtensibilityGlobals) = postSolution
		SolutionGuid = {56BC0BC1-74E7-4FA0-ABC5-55532B20E859}
	EndGlobalSection
EndGlobal
