
Microsoft Visual Studio Solution File, Format Version 12.00
# Visual Studio Version 16
VisualStudioVersion = 16.0.31313.79
MinimumVisualStudioVersion = 10.0.40219.1
Project("{FAE04EC0-301F-11D3-BF4B-00C04F79EFBC}") = "JsonPath.Tests", "tests\JsonPath.Tests\JsonPath.Tests.csproj", "{A32E0179-C5A8-4EDB-90FA-B62A9A42176C}"
	ProjectSection(ProjectDependencies) = postProject
		{9F940C5B-E5CC-4B1E-A3B5-1F11E98B8AC2} = {9F940C5B-E5CC-4B1E-A3B5-1F11E98B8AC2}
	EndProjectSection
EndProject
Project("{FAE04EC0-301F-11D3-BF4B-00C04F79EFBC}") = "JsonPath", "src\JsonPath\JsonPath.csproj", "{9F940C5B-E5CC-4B1E-A3B5-1F11E98B8AC2}"
EndProject
Project("{FAE04EC0-301F-11D3-BF4B-00C04F79EFBC}") = "examples", "examples\examples.csproj", "{16CE673F-9190-4A70-B88D-343E02EE3D48}"
EndProject
Global
	GlobalSection(SolutionConfigurationPlatforms) = preSolution
		Debug|Any CPU = Debug|Any CPU
		Release|Any CPU = Release|Any CPU
	EndGlobalSection
	GlobalSection(ProjectConfigurationPlatforms) = postSolution
		{A32E0179-C5A8-4EDB-90FA-B62A9A42176C}.Debug|Any CPU.ActiveCfg = Debug|Any CPU
		{A32E0179-C5A8-4EDB-90FA-B62A9A42176C}.Debug|Any CPU.Build.0 = Debug|Any CPU
		{A32E0179-C5A8-4EDB-90FA-B62A9A42176C}.Release|Any CPU.ActiveCfg = Release|Any CPU
		{A32E0179-C5A8-4EDB-90FA-B62A9A42176C}.Release|Any CPU.Build.0 = Release|Any CPU
		{9F940C5B-E5CC-4B1E-A3B5-1F11E98B8AC2}.Debug|Any CPU.ActiveCfg = Debug|Any CPU
		{9F940C5B-E5CC-4B1E-A3B5-1F11E98B8AC2}.Debug|Any CPU.Build.0 = Debug|Any CPU
		{9F940C5B-E5CC-4B1E-A3B5-1F11E98B8AC2}.Release|Any CPU.ActiveCfg = Release|Any CPU
		{9F940C5B-E5CC-4B1E-A3B5-1F11E98B8AC2}.Release|Any CPU.Build.0 = Release|Any CPU
		{16CE673F-9190-4A70-B88D-343E02EE3D48}.Debug|Any CPU.ActiveCfg = Debug|Any CPU
		{16CE673F-9190-4A70-B88D-343E02EE3D48}.Debug|Any CPU.Build.0 = Debug|Any CPU
		{16CE673F-9190-4A70-B88D-343E02EE3D48}.Release|Any CPU.ActiveCfg = Release|Any CPU
		{16CE673F-9190-4A70-B88D-343E02EE3D48}.Release|Any CPU.Build.0 = Release|Any CPU
	EndGlobalSection
	GlobalSection(SolutionProperties) = preSolution
		HideSolutionNode = FALSE
	EndGlobalSection
	GlobalSection(ExtensibilityGlobals) = postSolution
		SolutionGuid = {A38EA2A9-6AD2-457B-9B11-2A2A0EED417B}
	EndGlobalSection
EndGlobal
