
Microsoft Visual Studio Solution File, Format Version 12.00
# Visual Studio Version 16
VisualStudioVersion = 16.0.31313.79
MinimumVisualStudioVersion = 10.0.40219.1
Project("{2150E333-8FDC-42A3-9474-1A3956D46DE8}") = "Examples", "Examples", "{D9A9E80C-57F9-4E11-A7EA-635366A3A90A}"
EndProject
Project("{9A19103F-16F7-4668-BE54-9A1E7A4F7556}") = "DocFX", "doc_source\DocFX.csproj", "{7E14E931-589E-4AD6-9892-7634312B9F84}"
EndProject
Project("{9A19103F-16F7-4668-BE54-9A1E7A4F7556}") = "JsonPath.Examples", "examples\JsonPath.Examples\JsonPath.Examples.csproj", "{7BC6CFD2-3A9C-4444-8E94-E389A3B4EA0B}"
	ProjectSection(ProjectDependencies) = postProject
		{CEFBC0C2-2443-4CF0-A8F7-1753DBE7B690} = {CEFBC0C2-2443-4CF0-A8F7-1753DBE7B690}
	EndProjectSection
EndProject
Project("{9A19103F-16F7-4668-BE54-9A1E7A4F7556}") = "JsonCons.Utilities", "src\JsonCons.Utilities\JsonCons.Utilities.csproj", "{EAB9A96B-0899-4C33-A2B7-7E68E77FD0EA}"
EndProject
Project("{9A19103F-16F7-4668-BE54-9A1E7A4F7556}") = "JsonCons.Utilities.Tests", "tests\JsonCons.Utilities.Tests\JsonCons.Utilities.Tests.csproj", "{114AD9FC-CC86-4FA7-B581-87FE76FF4827}"
EndProject
Project("{9A19103F-16F7-4668-BE54-9A1E7A4F7556}") = "JsonMergePatch.Examples", "examples\JsonMergePatch.Examples\JsonMergePatch.Examples.csproj", "{61DDAE76-D53D-49B6-BC6A-3498218B59D0}"
	ProjectSection(ProjectDependencies) = postProject
		{EAB9A96B-0899-4C33-A2B7-7E68E77FD0EA} = {EAB9A96B-0899-4C33-A2B7-7E68E77FD0EA}
	EndProjectSection
EndProject
Project("{9A19103F-16F7-4668-BE54-9A1E7A4F7556}") = "JsonPatch.Examples", "examples\JsonPatch.Examples\JsonPatch.Examples.csproj", "{90C9D951-1880-4F6E-ADEB-F88E59242415}"
EndProject
Project("{9A19103F-16F7-4668-BE54-9A1E7A4F7556}") = "JsonPointer.Examples", "examples\JsonPointer.Examples\JsonPointer.Examples.csproj", "{C6B7DCEB-559C-4242-A565-68CD277C8742}"
EndProject
Project("{9A19103F-16F7-4668-BE54-9A1E7A4F7556}") = "JsonCons.JsonPath", "src\JsonCons.JsonPath\JsonCons.JsonPath.csproj", "{CEFBC0C2-2443-4CF0-A8F7-1753DBE7B690}"
EndProject
Project("{9A19103F-16F7-4668-BE54-9A1E7A4F7556}") = "JsonCons.JsonPath.Tests", "tests\JsonPath.Tests\JsonCons.JsonPath.Tests.csproj", "{45604CC3-65A8-41C2-AAAD-1A002617BF34}"
EndProject
Project("{FAE04EC0-301F-11D3-BF4B-00C04F79EFBC}") = "JsonCons.JsonSchema", "sec\JsonCons.JsonSchema\JsonCons.JsonSchema.csproj", "{914AFB1A-59BE-418B-BB25-DC4972E3F4FD}"
EndProject
Project("{FAE04EC0-301F-11D3-BF4B-00C04F79EFBC}") = "JsonCons.JsonSchema.Tests", "tests\JsonCons.JsonSchema.Tests\JsonCons.JsonSchema.Tests.csproj", "{C4977F15-154C-446D-869F-2182B4D2B8B8}"
EndProject
Global
	GlobalSection(SolutionConfigurationPlatforms) = preSolution
		Debug|Any CPU = Debug|Any CPU
		Release|Any CPU = Release|Any CPU
	EndGlobalSection
	GlobalSection(ProjectConfigurationPlatforms) = postSolution
		{7E14E931-589E-4AD6-9892-7634312B9F84}.Debug|Any CPU.ActiveCfg = Debug|Any CPU
		{7E14E931-589E-4AD6-9892-7634312B9F84}.Debug|Any CPU.Build.0 = Debug|Any CPU
		{7E14E931-589E-4AD6-9892-7634312B9F84}.Release|Any CPU.ActiveCfg = Release|Any CPU
		{7E14E931-589E-4AD6-9892-7634312B9F84}.Release|Any CPU.Build.0 = Release|Any CPU
		{7BC6CFD2-3A9C-4444-8E94-E389A3B4EA0B}.Debug|Any CPU.ActiveCfg = Debug|Any CPU
		{7BC6CFD2-3A9C-4444-8E94-E389A3B4EA0B}.Debug|Any CPU.Build.0 = Debug|Any CPU
		{7BC6CFD2-3A9C-4444-8E94-E389A3B4EA0B}.Release|Any CPU.ActiveCfg = Release|Any CPU
		{7BC6CFD2-3A9C-4444-8E94-E389A3B4EA0B}.Release|Any CPU.Build.0 = Release|Any CPU
		{EAB9A96B-0899-4C33-A2B7-7E68E77FD0EA}.Debug|Any CPU.ActiveCfg = Debug|Any CPU
		{EAB9A96B-0899-4C33-A2B7-7E68E77FD0EA}.Debug|Any CPU.Build.0 = Debug|Any CPU
		{EAB9A96B-0899-4C33-A2B7-7E68E77FD0EA}.Release|Any CPU.ActiveCfg = Release|Any CPU
		{EAB9A96B-0899-4C33-A2B7-7E68E77FD0EA}.Release|Any CPU.Build.0 = Release|Any CPU
		{114AD9FC-CC86-4FA7-B581-87FE76FF4827}.Debug|Any CPU.ActiveCfg = Debug|Any CPU
		{114AD9FC-CC86-4FA7-B581-87FE76FF4827}.Debug|Any CPU.Build.0 = Debug|Any CPU
		{114AD9FC-CC86-4FA7-B581-87FE76FF4827}.Release|Any CPU.ActiveCfg = Release|Any CPU
		{114AD9FC-CC86-4FA7-B581-87FE76FF4827}.Release|Any CPU.Build.0 = Release|Any CPU
		{61DDAE76-D53D-49B6-BC6A-3498218B59D0}.Debug|Any CPU.ActiveCfg = Debug|Any CPU
		{61DDAE76-D53D-49B6-BC6A-3498218B59D0}.Debug|Any CPU.Build.0 = Debug|Any CPU
		{61DDAE76-D53D-49B6-BC6A-3498218B59D0}.Release|Any CPU.ActiveCfg = Release|Any CPU
		{61DDAE76-D53D-49B6-BC6A-3498218B59D0}.Release|Any CPU.Build.0 = Release|Any CPU
		{90C9D951-1880-4F6E-ADEB-F88E59242415}.Debug|Any CPU.ActiveCfg = Debug|Any CPU
		{90C9D951-1880-4F6E-ADEB-F88E59242415}.Debug|Any CPU.Build.0 = Debug|Any CPU
		{90C9D951-1880-4F6E-ADEB-F88E59242415}.Release|Any CPU.ActiveCfg = Release|Any CPU
		{90C9D951-1880-4F6E-ADEB-F88E59242415}.Release|Any CPU.Build.0 = Release|Any CPU
		{C6B7DCEB-559C-4242-A565-68CD277C8742}.Debug|Any CPU.ActiveCfg = Debug|Any CPU
		{C6B7DCEB-559C-4242-A565-68CD277C8742}.Debug|Any CPU.Build.0 = Debug|Any CPU
		{C6B7DCEB-559C-4242-A565-68CD277C8742}.Release|Any CPU.ActiveCfg = Release|Any CPU
		{C6B7DCEB-559C-4242-A565-68CD277C8742}.Release|Any CPU.Build.0 = Release|Any CPU
		{CEFBC0C2-2443-4CF0-A8F7-1753DBE7B690}.Debug|Any CPU.ActiveCfg = Debug|Any CPU
		{CEFBC0C2-2443-4CF0-A8F7-1753DBE7B690}.Debug|Any CPU.Build.0 = Debug|Any CPU
		{CEFBC0C2-2443-4CF0-A8F7-1753DBE7B690}.Release|Any CPU.ActiveCfg = Release|Any CPU
		{CEFBC0C2-2443-4CF0-A8F7-1753DBE7B690}.Release|Any CPU.Build.0 = Release|Any CPU
		{45604CC3-65A8-41C2-AAAD-1A002617BF34}.Debug|Any CPU.ActiveCfg = Debug|Any CPU
		{45604CC3-65A8-41C2-AAAD-1A002617BF34}.Debug|Any CPU.Build.0 = Debug|Any CPU
		{45604CC3-65A8-41C2-AAAD-1A002617BF34}.Release|Any CPU.ActiveCfg = Release|Any CPU
		{45604CC3-65A8-41C2-AAAD-1A002617BF34}.Release|Any CPU.Build.0 = Release|Any CPU
		{914AFB1A-59BE-418B-BB25-DC4972E3F4FD}.Debug|Any CPU.ActiveCfg = Debug|Any CPU
		{914AFB1A-59BE-418B-BB25-DC4972E3F4FD}.Debug|Any CPU.Build.0 = Debug|Any CPU
		{914AFB1A-59BE-418B-BB25-DC4972E3F4FD}.Release|Any CPU.ActiveCfg = Release|Any CPU
		{914AFB1A-59BE-418B-BB25-DC4972E3F4FD}.Release|Any CPU.Build.0 = Release|Any CPU
		{C4977F15-154C-446D-869F-2182B4D2B8B8}.Debug|Any CPU.ActiveCfg = Debug|Any CPU
		{C4977F15-154C-446D-869F-2182B4D2B8B8}.Debug|Any CPU.Build.0 = Debug|Any CPU
		{C4977F15-154C-446D-869F-2182B4D2B8B8}.Release|Any CPU.ActiveCfg = Release|Any CPU
		{C4977F15-154C-446D-869F-2182B4D2B8B8}.Release|Any CPU.Build.0 = Release|Any CPU
	EndGlobalSection
	GlobalSection(SolutionProperties) = preSolution
		HideSolutionNode = FALSE
	EndGlobalSection
	GlobalSection(NestedProjects) = preSolution
		{7BC6CFD2-3A9C-4444-8E94-E389A3B4EA0B} = {D9A9E80C-57F9-4E11-A7EA-635366A3A90A}
		{61DDAE76-D53D-49B6-BC6A-3498218B59D0} = {D9A9E80C-57F9-4E11-A7EA-635366A3A90A}
		{90C9D951-1880-4F6E-ADEB-F88E59242415} = {D9A9E80C-57F9-4E11-A7EA-635366A3A90A}
		{C6B7DCEB-559C-4242-A565-68CD277C8742} = {D9A9E80C-57F9-4E11-A7EA-635366A3A90A}
	EndGlobalSection
	GlobalSection(ExtensibilityGlobals) = postSolution
		SolutionGuid = {A38EA2A9-6AD2-457B-9B11-2A2A0EED417B}
	EndGlobalSection
EndGlobal
