
Microsoft Visual Studio Solution File, Format Version 12.00
# Visual Studio Version 16
VisualStudioVersion = 16.0.31313.79
MinimumVisualStudioVersion = 10.0.40219.1
Project("{2150E333-8FDC-42A3-9474-1A3956D46DE8}") = "Examples", "Examples", "{D9A9E80C-57F9-4E11-A7EA-635366A3A90A}"
EndProject
Project("{9A19103F-16F7-4668-BE54-9A1E7A4F7556}") = "JsonPath", "src\JsonPath\JsonPath.csproj", "{6579BE90-397E-44CF-B079-B042D731EB28}"
EndProject
Project("{9A19103F-16F7-4668-BE54-9A1E7A4F7556}") = "JsonPath.Tests", "tests\JsonPath.Tests\JsonPath.Tests.csproj", "{40E5440D-AA1A-44C9-8CA6-9AA33DC98D81}"
EndProject
Project("{9A19103F-16F7-4668-BE54-9A1E7A4F7556}") = "JsonPath.Examples", "examples\JsonPath.Examples\JsonPath.Examples.csproj", "{1D033C9F-4EC1-40F9-82C0-F3E75A1C2201}"
EndProject
Project("{9A19103F-16F7-4668-BE54-9A1E7A4F7556}") = "DocFX", "DocFX\DocFX.csproj", "{7E14E931-589E-4AD6-9892-7634312B9F84}"
	ProjectSection(ProjectDependencies) = postProject
		{6579BE90-397E-44CF-B079-B042D731EB28} = {6579BE90-397E-44CF-B079-B042D731EB28}
	EndProjectSection
EndProject
Global
	GlobalSection(SolutionConfigurationPlatforms) = preSolution
		Debug|Any CPU = Debug|Any CPU
		Release|Any CPU = Release|Any CPU
	EndGlobalSection
	GlobalSection(ProjectConfigurationPlatforms) = postSolution
		{6579BE90-397E-44CF-B079-B042D731EB28}.Debug|Any CPU.ActiveCfg = Debug|Any CPU
		{6579BE90-397E-44CF-B079-B042D731EB28}.Debug|Any CPU.Build.0 = Debug|Any CPU
		{6579BE90-397E-44CF-B079-B042D731EB28}.Release|Any CPU.ActiveCfg = Release|Any CPU
		{6579BE90-397E-44CF-B079-B042D731EB28}.Release|Any CPU.Build.0 = Release|Any CPU
		{40E5440D-AA1A-44C9-8CA6-9AA33DC98D81}.Debug|Any CPU.ActiveCfg = Debug|Any CPU
		{40E5440D-AA1A-44C9-8CA6-9AA33DC98D81}.Debug|Any CPU.Build.0 = Debug|Any CPU
		{40E5440D-AA1A-44C9-8CA6-9AA33DC98D81}.Release|Any CPU.ActiveCfg = Release|Any CPU
		{40E5440D-AA1A-44C9-8CA6-9AA33DC98D81}.Release|Any CPU.Build.0 = Release|Any CPU
		{1D033C9F-4EC1-40F9-82C0-F3E75A1C2201}.Debug|Any CPU.ActiveCfg = Debug|Any CPU
		{1D033C9F-4EC1-40F9-82C0-F3E75A1C2201}.Debug|Any CPU.Build.0 = Debug|Any CPU
		{1D033C9F-4EC1-40F9-82C0-F3E75A1C2201}.Release|Any CPU.ActiveCfg = Release|Any CPU
		{1D033C9F-4EC1-40F9-82C0-F3E75A1C2201}.Release|Any CPU.Build.0 = Release|Any CPU
		{7E14E931-589E-4AD6-9892-7634312B9F84}.Debug|Any CPU.ActiveCfg = Debug|Any CPU
		{7E14E931-589E-4AD6-9892-7634312B9F84}.Debug|Any CPU.Build.0 = Debug|Any CPU
		{7E14E931-589E-4AD6-9892-7634312B9F84}.Release|Any CPU.ActiveCfg = Release|Any CPU
		{7E14E931-589E-4AD6-9892-7634312B9F84}.Release|Any CPU.Build.0 = Release|Any CPU
	EndGlobalSection
	GlobalSection(SolutionProperties) = preSolution
		HideSolutionNode = FALSE
	EndGlobalSection
	GlobalSection(NestedProjects) = preSolution
		{1D033C9F-4EC1-40F9-82C0-F3E75A1C2201} = {D9A9E80C-57F9-4E11-A7EA-635366A3A90A}
	EndGlobalSection
	GlobalSection(ExtensibilityGlobals) = postSolution
		SolutionGuid = {A38EA2A9-6AD2-457B-9B11-2A2A0EED417B}
	EndGlobalSection
EndGlobal
